{
    "_meta": {
        "hash": {
            "sha256": "a74717fa76c8f068ed910686866d0d3ad0ef124601f1d8cf37cc0592e71d4fee"
        },
        "pipfile-spec": 6,
        "requires": {
            "python_version": "3.10"
        },
        "sources": [
            {
                "name": "pypi",
                "url": "https://pypi.org/simple",
                "verify_ssl": true
            }
        ]
    },
    "default": {
        "cobs": {
            "hashes": [
                "sha256:3f2e8ef22070c3a95ed998303b81c209dd49aaaebf45173499a1a48b8b17bb6f",
                "sha256:4625f7648e8b0ea50702cf213dcfcc0a50dc78fc6678b174f1f5e0d6fc3687c1",
                "sha256:7c4a9e246c11f48e12c1231ad5738ea927f663b7b4ffd1de0be3b1cae5bb3884",
                "sha256:991fc195f0581e456d3dd21e29df493fe9ca1b772084c26921601e48dbc34bd2",
                "sha256:b4af64be97f2a7215c3ffcd5cca26e6aa166e49cd90941efab95c76211b6710c",
                "sha256:c747c4b385f04203e1d2b767d61a69580b58c97eea7a6ed998edd42ddd9fcdc5",
                "sha256:cb573184d982edf8e7c3c08c753b765790790e7ffdca4c2ca5c258bbd9099f33",
                "sha256:d0f7e7fcad3020676feef505a0212bcd0c86549d3e4c3680f6a7c77ef599e52b",
                "sha256:d93b10b5370dc8868960aefb70adb1f73a4e6107b16918307a4aeeefd3edb8f6",
                "sha256:f68ee5e70ae6be79b424cb270835e864b86320a9fcb8048575443b658f61ee0a"
            ],
            "index": "pypi",
            "version": "==1.2.0"
        },
        "protobuf": {
            "hashes": [
                "sha256:03038ac1cfbc41aa21f6afcbcd357281d7521b4157926f30ebecc8d4ea59dcb7",
                "sha256:28545383d61f55b57cf4df63eebd9827754fd2dc25f80c5253f9184235db242c",
                "sha256:2e3427429c9cffebf259491be0af70189607f365c2f41c7c3764af6f337105f2",
                "sha256:398a9e0c3eaceb34ec1aee71894ca3299605fa8e761544934378bbc6c97de23b",
                "sha256:44246bab5dd4b7fbd3c0c80b6f16686808fab0e4aca819ade6e8d294a29c7050",
                "sha256:447d43819997825d4e71bf5769d869b968ce96848b6479397e29fc24c4a5dfe9",
                "sha256:67a3598f0a2dcbc58d02dd1928544e7d88f764b47d4a286202913f0b2801c2e7",
                "sha256:74480f79a023f90dc6e18febbf7b8bac7508420f2006fabd512013c0c238f454",
                "sha256:819559cafa1a373b7096a482b504ae8a857c89593cf3a25af743ac9ecbd23480",
                "sha256:899dc660cd599d7352d6f10d83c95df430a38b410c1b66b407a6b29265d66469",
                "sha256:8c0c984a1b8fef4086329ff8dd19ac77576b384079247c770f29cc8ce3afa06c",
                "sha256:9aae4406ea63d825636cc11ffb34ad3379335803216ee3a856787bcf5ccc751e",
                "sha256:a7ca6d488aa8ff7f329d4c545b2dbad8ac31464f1d8b1c87ad1346717731e4db",
                "sha256:b6cc7ba72a8850621bfec987cb72623e703b7fe2b9127a161ce61e61558ad905",
                "sha256:bf01b5720be110540be4286e791db73f84a2b721072a3711efff6c324cdf074b",
                "sha256:c02ce36ec760252242a33967d51c289fd0e1c0e6e5cc9397e2279177716add86",
                "sha256:d9e4432ff660d67d775c66ac42a67cf2453c27cb4d738fc22cb53b5d84c135d4",
                "sha256:daa564862dd0d39c00f8086f88700fdbe8bc717e993a21e90711acfed02f2402",
                "sha256:de78575669dddf6099a8a0f46a27e82a1783c557ccc38ee620ed8cc96d3be7d7",
                "sha256:e64857f395505ebf3d2569935506ae0dfc4a15cb80dc25261176c784662cdcc4",
                "sha256:f4bd856d702e5b0d96a00ec6b307b0f51c1982c2bf9c0052cf9019e9a544ba99",
                "sha256:f4c42102bc82a51108e449cbb32b19b180022941c727bac0cfd50170341f16ee"
            ],
            "index": "pypi",
            "version": "==3.20.3"
        },
        "pyserial": {
            "hashes": [
                "sha256:3c77e014170dfffbd816e6ffc205e9842efb10be9f58ec16d3e8675b4925cddb",
                "sha256:c4451db6ba391ca6ca299fb3ec7bae67a5c55dde170964c7a14ceefec02f2cf0"
            ],
            "index": "pypi",
            "version": "==3.5"
        }
    },
    "develop": {}
}
